// !$*UTF8*$!
{
	archiveVersion = 1;
	classes = {
	};
	objectVersion = 56;
	objects = {

/* Begin PBXBuildFile section */
		781D19CE2A7C41BA008058C6 /* AppDelegate.swift in Sources */ = {isa = PBXBuildFile; fileRef = 781D19CD2A7C41BA008058C6 /* AppDelegate.swift */; };
		781D19D02A7C41BA008058C6 /* SceneDelegate.swift in Sources */ = {isa = PBXBuildFile; fileRef = 781D19CF2A7C41BA008058C6 /* SceneDelegate.swift */; };
		781D19D22A7C41BA008058C6 /* ImagesViewController.swift in Sources */ = {isa = PBXBuildFile; fileRef = 781D19D12A7C41BA008058C6 /* ImagesViewController.swift */; };
		781D19D72A7C41BC008058C6 /* Assets.xcassets in Resources */ = {isa = PBXBuildFile; fileRef = 781D19D62A7C41BC008058C6 /* Assets.xcassets */; };
		781D19DA2A7C41BC008058C6 /* LaunchScreen.storyboard in Resources */ = {isa = PBXBuildFile; fileRef = 781D19D82A7C41BC008058C6 /* LaunchScreen.storyboard */; };
		781D19E52A7C41BC008058C6 /* PhotoDataManagerTests.swift in Sources */ = {isa = PBXBuildFile; fileRef = 781D19E42A7C41BC008058C6 /* PhotoDataManagerTests.swift */; };
		781D19EF2A7C41BC008058C6 /* FSearchUITests.swift in Sources */ = {isa = PBXBuildFile; fileRef = 781D19EE2A7C41BC008058C6 /* FSearchUITests.swift */; };
		781D19F12A7C41BC008058C6 /* FSearchUITestsLaunchTests.swift in Sources */ = {isa = PBXBuildFile; fileRef = 781D19F02A7C41BC008058C6 /* FSearchUITestsLaunchTests.swift */; };
		781D19FE2A7C42AE008058C6 /* TabbarController.swift in Sources */ = {isa = PBXBuildFile; fileRef = 781D19FD2A7C42AE008058C6 /* TabbarController.swift */; };
		781D1A002A7C46BF008058C6 /* HistoryViewController.swift in Sources */ = {isa = PBXBuildFile; fileRef = 781D19FF2A7C46BF008058C6 /* HistoryViewController.swift */; };
		781D1A022A7C4873008058C6 /* HistoryCell.swift in Sources */ = {isa = PBXBuildFile; fileRef = 781D1A012A7C4873008058C6 /* HistoryCell.swift */; };
		781D1A042A7CE16A008058C6 /* ImageCell.swift in Sources */ = {isa = PBXBuildFile; fileRef = 781D1A032A7CE16A008058C6 /* ImageCell.swift */; };
		781D1A062A7CE619008058C6 /* SearchViewController.swift in Sources */ = {isa = PBXBuildFile; fileRef = 781D1A052A7CE619008058C6 /* SearchViewController.swift */; };
		781D1A082A7CEBC1008058C6 /* NetworkService.swift in Sources */ = {isa = PBXBuildFile; fileRef = 781D1A072A7CEBC1008058C6 /* NetworkService.swift */; };
		781D1A0A2A7EBD58008058C6 /* SelectedImageViewController.swift in Sources */ = {isa = PBXBuildFile; fileRef = 781D1A092A7EBD58008058C6 /* SelectedImageViewController.swift */; };
		781D1A0C2A7EC5C3008058C6 /* ZoomableImageView.swift in Sources */ = {isa = PBXBuildFile; fileRef = 781D1A0B2A7EC5C3008058C6 /* ZoomableImageView.swift */; };
		781D1A0E2A7ECB27008058C6 /* ImageLoader.swift in Sources */ = {isa = PBXBuildFile; fileRef = 781D1A0D2A7ECB27008058C6 /* ImageLoader.swift */; };
		781D1A102A7ED16A008058C6 /* HistoryPersistenceManager.swift in Sources */ = {isa = PBXBuildFile; fileRef = 781D1A0F2A7ED16A008058C6 /* HistoryPersistenceManager.swift */; };
		781D1A1D2A7FB60C008058C6 /* SearchResult.swift in Sources */ = {isa = PBXBuildFile; fileRef = 781D1A1C2A7FB60C008058C6 /* SearchResult.swift */; };
		781D1A202A7FB640008058C6 /* Photos.swift in Sources */ = {isa = PBXBuildFile; fileRef = 781D1A1F2A7FB640008058C6 /* Photos.swift */; };
		781D1A222A7FB653008058C6 /* Photo.swift in Sources */ = {isa = PBXBuildFile; fileRef = 781D1A212A7FB653008058C6 /* Photo.swift */; };
		781D1A242A7FB6FA008058C6 /* HistoryEntry.swift in Sources */ = {isa = PBXBuildFile; fileRef = 781D1A232A7FB6FA008058C6 /* HistoryEntry.swift */; };
		781D1A262A7FCC2F008058C6 /* Date+Extension.swift in Sources */ = {isa = PBXBuildFile; fileRef = 781D1A252A7FCC2F008058C6 /* Date+Extension.swift */; };
		781D1A282A7FCC5C008058C6 /* UIView+Extension.swift in Sources */ = {isa = PBXBuildFile; fileRef = 781D1A272A7FCC5C008058C6 /* UIView+Extension.swift */; };
		781D1A2A2A800965008058C6 /* SearchTextField.swift in Sources */ = {isa = PBXBuildFile; fileRef = 781D1A292A800965008058C6 /* SearchTextField.swift */; };
		781D1A2C2A800B40008058C6 /* UIStackView+Extension.swift in Sources */ = {isa = PBXBuildFile; fileRef = 781D1A2B2A800B40008058C6 /* UIStackView+Extension.swift */; };
		781D1A2E2A800E55008058C6 /* UIImageView+Extension.swift in Sources */ = {isa = PBXBuildFile; fileRef = 781D1A2D2A800E55008058C6 /* UIImageView+Extension.swift */; };
		781D1A332A801179008058C6 /* UITableView+Extension.swift in Sources */ = {isa = PBXBuildFile; fileRef = 781D1A322A801179008058C6 /* UITableView+Extension.swift */; };
		781D1A352A801267008058C6 /* LayoutHelper.swift in Sources */ = {isa = PBXBuildFile; fileRef = 781D1A342A801267008058C6 /* LayoutHelper.swift */; };
		781D1A382A801613008058C6 /* UIViewController+Extension.swift in Sources */ = {isa = PBXBuildFile; fileRef = 781D1A372A801613008058C6 /* UIViewController+Extension.swift */; };
		781D1A3A2A8017A8008058C6 /* FSError.swift in Sources */ = {isa = PBXBuildFile; fileRef = 781D1A392A8017A8008058C6 /* FSError.swift */; };
		781D1A3C2A801905008058C6 /* EmptyStateView.swift in Sources */ = {isa = PBXBuildFile; fileRef = 781D1A3B2A801905008058C6 /* EmptyStateView.swift */; };
		781D1A3E2A8019E5008058C6 /* Constants.swift in Sources */ = {isa = PBXBuildFile; fileRef = 781D1A3D2A8019E5008058C6 /* Constants.swift */; };
		781D1A402A8024EE008058C6 /* String+Extension.swift in Sources */ = {isa = PBXBuildFile; fileRef = 781D1A3F2A8024EE008058C6 /* String+Extension.swift */; };
		781D1A422A802F0F008058C6 /* HistoryPresenter.swift in Sources */ = {isa = PBXBuildFile; fileRef = 781D1A412A802F0F008058C6 /* HistoryPresenter.swift */; };
		781D1A442A803752008058C6 /* ImagesPresenter.swift in Sources */ = {isa = PBXBuildFile; fileRef = 781D1A432A803752008058C6 /* ImagesPresenter.swift */; };
		781D1A462A803BE9008058C6 /* SelectedImagePresenter.swift in Sources */ = {isa = PBXBuildFile; fileRef = 781D1A452A803BE9008058C6 /* SelectedImagePresenter.swift */; };
		781D1A482A803C14008058C6 /* SearchPresenter.swift in Sources */ = {isa = PBXBuildFile; fileRef = 781D1A472A803C14008058C6 /* SearchPresenter.swift */; };
		781D1A4E2A813BC7008058C6 /* PhotoDataManager.swift in Sources */ = {isa = PBXBuildFile; fileRef = 781D1A4D2A813BC7008058C6 /* PhotoDataManager.swift */; };
		781D1A5D2A82388A008058C6 /* MockPhotoNetworkService.swift in Sources */ = {isa = PBXBuildFile; fileRef = 781D1A5C2A82388A008058C6 /* MockPhotoNetworkService.swift */; };
		781D1A5E2A8238D2008058C6 /* MockPhotoNetworkService.swift in Sources */ = {isa = PBXBuildFile; fileRef = 781D1A5C2A82388A008058C6 /* MockPhotoNetworkService.swift */; };
		781D1A5F2A8240BF008058C6 /* NetworkService.swift in Sources */ = {isa = PBXBuildFile; fileRef = 781D1A072A7CEBC1008058C6 /* NetworkService.swift */; };
		781D1A602A8240E7008058C6 /* Photo.swift in Sources */ = {isa = PBXBuildFile; fileRef = 781D1A212A7FB653008058C6 /* Photo.swift */; };
		781D1A612A824109008058C6 /* FSError.swift in Sources */ = {isa = PBXBuildFile; fileRef = 781D1A392A8017A8008058C6 /* FSError.swift */; };
		782124022A82426B00A00896 /* PhotoDataManager.swift in Sources */ = {isa = PBXBuildFile; fileRef = 781D1A4D2A813BC7008058C6 /* PhotoDataManager.swift */; };
		782124032A8242D100A00896 /* String+Extension.swift in Sources */ = {isa = PBXBuildFile; fileRef = 781D1A3F2A8024EE008058C6 /* String+Extension.swift */; };
		782124042A8242EB00A00896 /* SearchResult.swift in Sources */ = {isa = PBXBuildFile; fileRef = 781D1A1C2A7FB60C008058C6 /* SearchResult.swift */; };
		782124052A82430000A00896 /* Photos.swift in Sources */ = {isa = PBXBuildFile; fileRef = 781D1A1F2A7FB640008058C6 /* Photos.swift */; };
		782124082A8244E100A00896 /* DataLayerTests.swift in Sources */ = {isa = PBXBuildFile; fileRef = 782124072A8244E100A00896 /* DataLayerTests.swift */; };
		7821240B2A8249B000A00896 /* MockJson.swift in Sources */ = {isa = PBXBuildFile; fileRef = 7821240A2A8249B000A00896 /* MockJson.swift */; };
		7821240D2A82726F00A00896 /* Constants.swift in Sources */ = {isa = PBXBuildFile; fileRef = 781D1A3D2A8019E5008058C6 /* Constants.swift */; };
		782124102A8273FD00A00896 /* HistoryPersistenceManagerTests.swift in Sources */ = {isa = PBXBuildFile; fileRef = 7821240F2A8273FD00A00896 /* HistoryPersistenceManagerTests.swift */; };
		782124112A82747300A00896 /* HistoryPersistenceManager.swift in Sources */ = {isa = PBXBuildFile; fileRef = 781D1A0F2A7ED16A008058C6 /* HistoryPersistenceManager.swift */; };
		782124122A8274B300A00896 /* HistoryEntry.swift in Sources */ = {isa = PBXBuildFile; fileRef = 781D1A232A7FB6FA008058C6 /* HistoryEntry.swift */; };
/* End PBXBuildFile section */

/* Begin PBXContainerItemProxy section */
		781D19E12A7C41BC008058C6 /* PBXContainerItemProxy */ = {
			isa = PBXContainerItemProxy;
			containerPortal = 781D19C22A7C41BA008058C6 /* Project object */;
			proxyType = 1;
			remoteGlobalIDString = 781D19C92A7C41BA008058C6;
			remoteInfo = FSearch;
		};
		781D19EB2A7C41BC008058C6 /* PBXContainerItemProxy */ = {
			isa = PBXContainerItemProxy;
			containerPortal = 781D19C22A7C41BA008058C6 /* Project object */;
			proxyType = 1;
			remoteGlobalIDString = 781D19C92A7C41BA008058C6;
			remoteInfo = FSearch;
		};
/* End PBXContainerItemProxy section */

/* Begin PBXFileReference section */
		781D19CA2A7C41BA008058C6 /* FSearch.app */ = {isa = PBXFileReference; explicitFileType = wrapper.application; includeInIndex = 0; path = FSearch.app; sourceTree = BUILT_PRODUCTS_DIR; };
		781D19CD2A7C41BA008058C6 /* AppDelegate.swift */ = {isa = PBXFileReference; lastKnownFileType = sourcecode.swift; path = AppDelegate.swift; sourceTree = "<group>"; };
		781D19CF2A7C41BA008058C6 /* SceneDelegate.swift */ = {isa = PBXFileReference; lastKnownFileType = sourcecode.swift; path = SceneDelegate.swift; sourceTree = "<group>"; };
		781D19D12A7C41BA008058C6 /* ImagesViewController.swift */ = {isa = PBXFileReference; lastKnownFileType = sourcecode.swift; path = ImagesViewController.swift; sourceTree = "<group>"; };
		781D19D62A7C41BC008058C6 /* Assets.xcassets */ = {isa = PBXFileReference; lastKnownFileType = folder.assetcatalog; path = Assets.xcassets; sourceTree = "<group>"; };
		781D19D92A7C41BC008058C6 /* Base */ = {isa = PBXFileReference; lastKnownFileType = file.storyboard; name = Base; path = Base.lproj/LaunchScreen.storyboard; sourceTree = "<group>"; };
		781D19DB2A7C41BC008058C6 /* Info.plist */ = {isa = PBXFileReference; lastKnownFileType = text.plist.xml; path = Info.plist; sourceTree = "<group>"; };
		781D19E02A7C41BC008058C6 /* FSearchTests.xctest */ = {isa = PBXFileReference; explicitFileType = wrapper.cfbundle; includeInIndex = 0; path = FSearchTests.xctest; sourceTree = BUILT_PRODUCTS_DIR; };
		781D19E42A7C41BC008058C6 /* PhotoDataManagerTests.swift */ = {isa = PBXFileReference; lastKnownFileType = sourcecode.swift; path = PhotoDataManagerTests.swift; sourceTree = "<group>"; };
		781D19EA2A7C41BC008058C6 /* FSearchUITests.xctest */ = {isa = PBXFileReference; explicitFileType = wrapper.cfbundle; includeInIndex = 0; path = FSearchUITests.xctest; sourceTree = BUILT_PRODUCTS_DIR; };
		781D19EE2A7C41BC008058C6 /* FSearchUITests.swift */ = {isa = PBXFileReference; lastKnownFileType = sourcecode.swift; path = FSearchUITests.swift; sourceTree = "<group>"; };
		781D19F02A7C41BC008058C6 /* FSearchUITestsLaunchTests.swift */ = {isa = PBXFileReference; lastKnownFileType = sourcecode.swift; path = FSearchUITestsLaunchTests.swift; sourceTree = "<group>"; };
		781D19FD2A7C42AE008058C6 /* TabbarController.swift */ = {isa = PBXFileReference; lastKnownFileType = sourcecode.swift; path = TabbarController.swift; sourceTree = "<group>"; };
		781D19FF2A7C46BF008058C6 /* HistoryViewController.swift */ = {isa = PBXFileReference; lastKnownFileType = sourcecode.swift; path = HistoryViewController.swift; sourceTree = "<group>"; };
		781D1A012A7C4873008058C6 /* HistoryCell.swift */ = {isa = PBXFileReference; lastKnownFileType = sourcecode.swift; path = HistoryCell.swift; sourceTree = "<group>"; };
		781D1A032A7CE16A008058C6 /* ImageCell.swift */ = {isa = PBXFileReference; lastKnownFileType = sourcecode.swift; path = ImageCell.swift; sourceTree = "<group>"; };
		781D1A052A7CE619008058C6 /* SearchViewController.swift */ = {isa = PBXFileReference; lastKnownFileType = sourcecode.swift; path = SearchViewController.swift; sourceTree = "<group>"; };
		781D1A072A7CEBC1008058C6 /* NetworkService.swift */ = {isa = PBXFileReference; lastKnownFileType = sourcecode.swift; path = NetworkService.swift; sourceTree = "<group>"; };
		781D1A092A7EBD58008058C6 /* SelectedImageViewController.swift */ = {isa = PBXFileReference; lastKnownFileType = sourcecode.swift; path = SelectedImageViewController.swift; sourceTree = "<group>"; };
		781D1A0B2A7EC5C3008058C6 /* ZoomableImageView.swift */ = {isa = PBXFileReference; lastKnownFileType = sourcecode.swift; path = ZoomableImageView.swift; sourceTree = "<group>"; };
		781D1A0D2A7ECB27008058C6 /* ImageLoader.swift */ = {isa = PBXFileReference; lastKnownFileType = sourcecode.swift; path = ImageLoader.swift; sourceTree = "<group>"; };
		781D1A0F2A7ED16A008058C6 /* HistoryPersistenceManager.swift */ = {isa = PBXFileReference; lastKnownFileType = sourcecode.swift; path = HistoryPersistenceManager.swift; sourceTree = "<group>"; };
		781D1A1C2A7FB60C008058C6 /* SearchResult.swift */ = {isa = PBXFileReference; lastKnownFileType = sourcecode.swift; path = SearchResult.swift; sourceTree = "<group>"; };
		781D1A1F2A7FB640008058C6 /* Photos.swift */ = {isa = PBXFileReference; lastKnownFileType = sourcecode.swift; path = Photos.swift; sourceTree = "<group>"; };
		781D1A212A7FB653008058C6 /* Photo.swift */ = {isa = PBXFileReference; lastKnownFileType = sourcecode.swift; path = Photo.swift; sourceTree = "<group>"; };
		781D1A232A7FB6FA008058C6 /* HistoryEntry.swift */ = {isa = PBXFileReference; lastKnownFileType = sourcecode.swift; path = HistoryEntry.swift; sourceTree = "<group>"; };
		781D1A252A7FCC2F008058C6 /* Date+Extension.swift */ = {isa = PBXFileReference; lastKnownFileType = sourcecode.swift; path = "Date+Extension.swift"; sourceTree = "<group>"; };
		781D1A272A7FCC5C008058C6 /* UIView+Extension.swift */ = {isa = PBXFileReference; lastKnownFileType = sourcecode.swift; path = "UIView+Extension.swift"; sourceTree = "<group>"; };
		781D1A292A800965008058C6 /* SearchTextField.swift */ = {isa = PBXFileReference; lastKnownFileType = sourcecode.swift; path = SearchTextField.swift; sourceTree = "<group>"; };
		781D1A2B2A800B40008058C6 /* UIStackView+Extension.swift */ = {isa = PBXFileReference; lastKnownFileType = sourcecode.swift; path = "UIStackView+Extension.swift"; sourceTree = "<group>"; };
		781D1A2D2A800E55008058C6 /* UIImageView+Extension.swift */ = {isa = PBXFileReference; lastKnownFileType = sourcecode.swift; path = "UIImageView+Extension.swift"; sourceTree = "<group>"; };
		781D1A322A801179008058C6 /* UITableView+Extension.swift */ = {isa = PBXFileReference; lastKnownFileType = sourcecode.swift; path = "UITableView+Extension.swift"; sourceTree = "<group>"; };
		781D1A342A801267008058C6 /* LayoutHelper.swift */ = {isa = PBXFileReference; lastKnownFileType = sourcecode.swift; path = LayoutHelper.swift; sourceTree = "<group>"; };
		781D1A372A801613008058C6 /* UIViewController+Extension.swift */ = {isa = PBXFileReference; lastKnownFileType = sourcecode.swift; path = "UIViewController+Extension.swift"; sourceTree = "<group>"; };
		781D1A392A8017A8008058C6 /* FSError.swift */ = {isa = PBXFileReference; lastKnownFileType = sourcecode.swift; path = FSError.swift; sourceTree = "<group>"; };
		781D1A3B2A801905008058C6 /* EmptyStateView.swift */ = {isa = PBXFileReference; lastKnownFileType = sourcecode.swift; path = EmptyStateView.swift; sourceTree = "<group>"; };
		781D1A3D2A8019E5008058C6 /* Constants.swift */ = {isa = PBXFileReference; lastKnownFileType = sourcecode.swift; path = Constants.swift; sourceTree = "<group>"; };
		781D1A3F2A8024EE008058C6 /* String+Extension.swift */ = {isa = PBXFileReference; lastKnownFileType = sourcecode.swift; path = "String+Extension.swift"; sourceTree = "<group>"; };
		781D1A412A802F0F008058C6 /* HistoryPresenter.swift */ = {isa = PBXFileReference; lastKnownFileType = sourcecode.swift; path = HistoryPresenter.swift; sourceTree = "<group>"; };
		781D1A432A803752008058C6 /* ImagesPresenter.swift */ = {isa = PBXFileReference; lastKnownFileType = sourcecode.swift; path = ImagesPresenter.swift; sourceTree = "<group>"; };
		781D1A452A803BE9008058C6 /* SelectedImagePresenter.swift */ = {isa = PBXFileReference; lastKnownFileType = sourcecode.swift; path = SelectedImagePresenter.swift; sourceTree = "<group>"; };
		781D1A472A803C14008058C6 /* SearchPresenter.swift */ = {isa = PBXFileReference; lastKnownFileType = sourcecode.swift; path = SearchPresenter.swift; sourceTree = "<group>"; };
		781D1A4D2A813BC7008058C6 /* PhotoDataManager.swift */ = {isa = PBXFileReference; lastKnownFileType = sourcecode.swift; path = PhotoDataManager.swift; sourceTree = "<group>"; };
		781D1A5C2A82388A008058C6 /* MockPhotoNetworkService.swift */ = {isa = PBXFileReference; lastKnownFileType = sourcecode.swift; path = MockPhotoNetworkService.swift; sourceTree = "<group>"; };
		782124072A8244E100A00896 /* DataLayerTests.swift */ = {isa = PBXFileReference; lastKnownFileType = sourcecode.swift; path = DataLayerTests.swift; sourceTree = "<group>"; };
		7821240A2A8249B000A00896 /* MockJson.swift */ = {isa = PBXFileReference; lastKnownFileType = sourcecode.swift; path = MockJson.swift; sourceTree = "<group>"; };
		7821240F2A8273FD00A00896 /* HistoryPersistenceManagerTests.swift */ = {isa = PBXFileReference; lastKnownFileType = sourcecode.swift; path = HistoryPersistenceManagerTests.swift; sourceTree = "<group>"; };
/* End PBXFileReference section */

/* Begin PBXFrameworksBuildPhase section */
		781D19C72A7C41BA008058C6 /* Frameworks */ = {
			isa = PBXFrameworksBuildPhase;
			buildActionMask = 2147483647;
			files = (
			);
			runOnlyForDeploymentPostprocessing = 0;
		};
		781D19DD2A7C41BC008058C6 /* Frameworks */ = {
			isa = PBXFrameworksBuildPhase;
			buildActionMask = 2147483647;
			files = (
			);
			runOnlyForDeploymentPostprocessing = 0;
		};
		781D19E72A7C41BC008058C6 /* Frameworks */ = {
			isa = PBXFrameworksBuildPhase;
			buildActionMask = 2147483647;
			files = (
			);
			runOnlyForDeploymentPostprocessing = 0;
		};
/* End PBXFrameworksBuildPhase section */

/* Begin PBXGroup section */
		781D19C12A7C41BA008058C6 = {
			isa = PBXGroup;
			children = (
				781D19CC2A7C41BA008058C6 /* FSearch */,
				781D19E32A7C41BC008058C6 /* FSearchTests */,
				781D19ED2A7C41BC008058C6 /* FSearchUITests */,
				781D19CB2A7C41BA008058C6 /* Products */,
			);
			sourceTree = "<group>";
		};
		781D19CB2A7C41BA008058C6 /* Products */ = {
			isa = PBXGroup;
			children = (
				781D19CA2A7C41BA008058C6 /* FSearch.app */,
				781D19E02A7C41BC008058C6 /* FSearchTests.xctest */,
				781D19EA2A7C41BC008058C6 /* FSearchUITests.xctest */,
			);
			name = Products;
			sourceTree = "<group>";
		};
		781D19CC2A7C41BA008058C6 /* FSearch */ = {
			isa = PBXGroup;
			children = (
				781D1A112A7FB0CB008058C6 /* Modules */,
				781D1A142A7FB13B008058C6 /* Views */,
				781D1A1E2A7FB61B008058C6 /* Models */,
				781D1A132A7FB127008058C6 /* DataManagers */,
				781D1A362A80128A008058C6 /* Utility */,
				781D1A1B2A7FB436008058C6 /* Extensions */,
				781D19CD2A7C41BA008058C6 /* AppDelegate.swift */,
				781D19CF2A7C41BA008058C6 /* SceneDelegate.swift */,
				781D19D62A7C41BC008058C6 /* Assets.xcassets */,
				781D19D82A7C41BC008058C6 /* LaunchScreen.storyboard */,
				781D19DB2A7C41BC008058C6 /* Info.plist */,
			);
			path = FSearch;
			sourceTree = "<group>";
		};
		781D19E32A7C41BC008058C6 /* FSearchTests */ = {
			isa = PBXGroup;
			children = (
				781D19E42A7C41BC008058C6 /* PhotoDataManagerTests.swift */,
				782124072A8244E100A00896 /* DataLayerTests.swift */,
				7821240F2A8273FD00A00896 /* HistoryPersistenceManagerTests.swift */,
				7821240E2A8273E400A00896 /* Mocks */,
			);
			path = FSearchTests;
			sourceTree = "<group>";
		};
		781D19ED2A7C41BC008058C6 /* FSearchUITests */ = {
			isa = PBXGroup;
			children = (
				781D19EE2A7C41BC008058C6 /* FSearchUITests.swift */,
				781D19F02A7C41BC008058C6 /* FSearchUITestsLaunchTests.swift */,
			);
			path = FSearchUITests;
			sourceTree = "<group>";
		};
		781D1A112A7FB0CB008058C6 /* Modules */ = {
			isa = PBXGroup;
			children = (
				781D19FD2A7C42AE008058C6 /* TabbarController.swift */,
				781D1A152A7FB1A6008058C6 /* SearchModule */,
				781D1A162A7FB1AF008058C6 /* ImagesModule */,
				781D1A172A7FB1B8008058C6 /* SelectedImageModule */,
				781D1A182A7FB1C5008058C6 /* HistoryModule */,
			);
			path = Modules;
			sourceTree = "<group>";
		};
		781D1A122A7FB116008058C6 /* Cells */ = {
			isa = PBXGroup;
			children = (
				781D1A032A7CE16A008058C6 /* ImageCell.swift */,
				781D1A012A7C4873008058C6 /* HistoryCell.swift */,
			);
			path = Cells;
			sourceTree = "<group>";
		};
		781D1A132A7FB127008058C6 /* DataManagers */ = {
			isa = PBXGroup;
			children = (
				781D1A4D2A813BC7008058C6 /* PhotoDataManager.swift */,
				781D1A0F2A7ED16A008058C6 /* HistoryPersistenceManager.swift */,
				7821240C2A824C3800A00896 /* Services */,
			);
			path = DataManagers;
			sourceTree = "<group>";
		};
		781D1A142A7FB13B008058C6 /* Views */ = {
			isa = PBXGroup;
			children = (
				781D1A122A7FB116008058C6 /* Cells */,
				781D1A0B2A7EC5C3008058C6 /* ZoomableImageView.swift */,
				781D1A292A800965008058C6 /* SearchTextField.swift */,
				781D1A3B2A801905008058C6 /* EmptyStateView.swift */,
			);
			path = Views;
			sourceTree = "<group>";
		};
		781D1A152A7FB1A6008058C6 /* SearchModule */ = {
			isa = PBXGroup;
			children = (
				781D1A052A7CE619008058C6 /* SearchViewController.swift */,
				781D1A472A803C14008058C6 /* SearchPresenter.swift */,
			);
			path = SearchModule;
			sourceTree = "<group>";
		};
		781D1A162A7FB1AF008058C6 /* ImagesModule */ = {
			isa = PBXGroup;
			children = (
				781D19D12A7C41BA008058C6 /* ImagesViewController.swift */,
				781D1A432A803752008058C6 /* ImagesPresenter.swift */,
			);
			path = ImagesModule;
			sourceTree = "<group>";
		};
		781D1A172A7FB1B8008058C6 /* SelectedImageModule */ = {
			isa = PBXGroup;
			children = (
				781D1A092A7EBD58008058C6 /* SelectedImageViewController.swift */,
				781D1A452A803BE9008058C6 /* SelectedImagePresenter.swift */,
			);
			path = SelectedImageModule;
			sourceTree = "<group>";
		};
		781D1A182A7FB1C5008058C6 /* HistoryModule */ = {
			isa = PBXGroup;
			children = (
				781D19FF2A7C46BF008058C6 /* HistoryViewController.swift */,
				781D1A412A802F0F008058C6 /* HistoryPresenter.swift */,
			);
			path = HistoryModule;
			sourceTree = "<group>";
		};
		781D1A1B2A7FB436008058C6 /* Extensions */ = {
			isa = PBXGroup;
			children = (
				781D1A252A7FCC2F008058C6 /* Date+Extension.swift */,
				781D1A272A7FCC5C008058C6 /* UIView+Extension.swift */,
				781D1A2B2A800B40008058C6 /* UIStackView+Extension.swift */,
				781D1A2D2A800E55008058C6 /* UIImageView+Extension.swift */,
				781D1A322A801179008058C6 /* UITableView+Extension.swift */,
				781D1A372A801613008058C6 /* UIViewController+Extension.swift */,
				781D1A3F2A8024EE008058C6 /* String+Extension.swift */,
			);
			path = Extensions;
			sourceTree = "<group>";
		};
		781D1A1E2A7FB61B008058C6 /* Models */ = {
			isa = PBXGroup;
			children = (
				781D1A512A813D36008058C6 /* NetworkModels */,
				781D1A232A7FB6FA008058C6 /* HistoryEntry.swift */,
			);
			path = Models;
			sourceTree = "<group>";
		};
		781D1A362A80128A008058C6 /* Utility */ = {
			isa = PBXGroup;
			children = (
				781D1A342A801267008058C6 /* LayoutHelper.swift */,
				781D1A392A8017A8008058C6 /* FSError.swift */,
				781D1A3D2A8019E5008058C6 /* Constants.swift */,
			);
			path = Utility;
			sourceTree = "<group>";
		};
		781D1A512A813D36008058C6 /* NetworkModels */ = {
			isa = PBXGroup;
			children = (
				781D1A1C2A7FB60C008058C6 /* SearchResult.swift */,
				781D1A1F2A7FB640008058C6 /* Photos.swift */,
				781D1A212A7FB653008058C6 /* Photo.swift */,
			);
			path = NetworkModels;
			sourceTree = "<group>";
		};
		7821240C2A824C3800A00896 /* Services */ = {
			isa = PBXGroup;
			children = (
				781D1A072A7CEBC1008058C6 /* NetworkService.swift */,
				781D1A0D2A7ECB27008058C6 /* ImageLoader.swift */,
			);
			path = Services;
			sourceTree = "<group>";
		};
		7821240E2A8273E400A00896 /* Mocks */ = {
			isa = PBXGroup;
			children = (
				781D1A5C2A82388A008058C6 /* MockPhotoNetworkService.swift */,
				7821240A2A8249B000A00896 /* MockJson.swift */,
			);
			path = Mocks;
			sourceTree = "<group>";
		};
/* End PBXGroup section */

/* Begin PBXNativeTarget section */
		781D19C92A7C41BA008058C6 /* FSearch */ = {
			isa = PBXNativeTarget;
			buildConfigurationList = 781D19F42A7C41BC008058C6 /* Build configuration list for PBXNativeTarget "FSearch" */;
			buildPhases = (
				781D19C62A7C41BA008058C6 /* Sources */,
				781D19C72A7C41BA008058C6 /* Frameworks */,
				781D19C82A7C41BA008058C6 /* Resources */,
			);
			buildRules = (
			);
			dependencies = (
			);
			name = FSearch;
			productName = FSearch;
			productReference = 781D19CA2A7C41BA008058C6 /* FSearch.app */;
			productType = "com.apple.product-type.application";
		};
		781D19DF2A7C41BC008058C6 /* FSearchTests */ = {
			isa = PBXNativeTarget;
			buildConfigurationList = 781D19F72A7C41BC008058C6 /* Build configuration list for PBXNativeTarget "FSearchTests" */;
			buildPhases = (
				781D19DC2A7C41BC008058C6 /* Sources */,
				781D19DD2A7C41BC008058C6 /* Frameworks */,
				781D19DE2A7C41BC008058C6 /* Resources */,
			);
			buildRules = (
			);
			dependencies = (
				781D19E22A7C41BC008058C6 /* PBXTargetDependency */,
			);
			name = FSearchTests;
			productName = FSearchTests;
			productReference = 781D19E02A7C41BC008058C6 /* FSearchTests.xctest */;
			productType = "com.apple.product-type.bundle.unit-test";
		};
		781D19E92A7C41BC008058C6 /* FSearchUITests */ = {
			isa = PBXNativeTarget;
			buildConfigurationList = 781D19FA2A7C41BC008058C6 /* Build configuration list for PBXNativeTarget "FSearchUITests" */;
			buildPhases = (
				781D19E62A7C41BC008058C6 /* Sources */,
				781D19E72A7C41BC008058C6 /* Frameworks */,
				781D19E82A7C41BC008058C6 /* Resources */,
			);
			buildRules = (
			);
			dependencies = (
				781D19EC2A7C41BC008058C6 /* PBXTargetDependency */,
			);
			name = FSearchUITests;
			productName = FSearchUITests;
			productReference = 781D19EA2A7C41BC008058C6 /* FSearchUITests.xctest */;
			productType = "com.apple.product-type.bundle.ui-testing";
		};
/* End PBXNativeTarget section */

/* Begin PBXProject section */
		781D19C22A7C41BA008058C6 /* Project object */ = {
			isa = PBXProject;
			attributes = {
				BuildIndependentTargetsInParallel = 1;
				LastSwiftUpdateCheck = 1430;
				LastUpgradeCheck = 1430;
				TargetAttributes = {
					781D19C92A7C41BA008058C6 = {
						CreatedOnToolsVersion = 14.3.1;
					};
					781D19DF2A7C41BC008058C6 = {
						CreatedOnToolsVersion = 14.3.1;
						TestTargetID = 781D19C92A7C41BA008058C6;
					};
					781D19E92A7C41BC008058C6 = {
						CreatedOnToolsVersion = 14.3.1;
						TestTargetID = 781D19C92A7C41BA008058C6;
					};
				};
			};
			buildConfigurationList = 781D19C52A7C41BA008058C6 /* Build configuration list for PBXProject "FSearch" */;
			compatibilityVersion = "Xcode 14.0";
			developmentRegion = en;
			hasScannedForEncodings = 0;
			knownRegions = (
				en,
				Base,
			);
			mainGroup = 781D19C12A7C41BA008058C6;
			productRefGroup = 781D19CB2A7C41BA008058C6 /* Products */;
			projectDirPath = "";
			projectRoot = "";
			targets = (
				781D19C92A7C41BA008058C6 /* FSearch */,
				781D19DF2A7C41BC008058C6 /* FSearchTests */,
				781D19E92A7C41BC008058C6 /* FSearchUITests */,
			);
		};
/* End PBXProject section */

/* Begin PBXResourcesBuildPhase section */
		781D19C82A7C41BA008058C6 /* Resources */ = {
			isa = PBXResourcesBuildPhase;
			buildActionMask = 2147483647;
			files = (
				781D19DA2A7C41BC008058C6 /* LaunchScreen.storyboard in Resources */,
				781D19D72A7C41BC008058C6 /* Assets.xcassets in Resources */,
			);
			runOnlyForDeploymentPostprocessing = 0;
		};
		781D19DE2A7C41BC008058C6 /* Resources */ = {
			isa = PBXResourcesBuildPhase;
			buildActionMask = 2147483647;
			files = (
			);
			runOnlyForDeploymentPostprocessing = 0;
		};
		781D19E82A7C41BC008058C6 /* Resources */ = {
			isa = PBXResourcesBuildPhase;
			buildActionMask = 2147483647;
			files = (
			);
			runOnlyForDeploymentPostprocessing = 0;
		};
/* End PBXResourcesBuildPhase section */

/* Begin PBXSourcesBuildPhase section */
		781D19C62A7C41BA008058C6 /* Sources */ = {
			isa = PBXSourcesBuildPhase;
			buildActionMask = 2147483647;
			files = (
				781D1A242A7FB6FA008058C6 /* HistoryEntry.swift in Sources */,
				781D1A082A7CEBC1008058C6 /* NetworkService.swift in Sources */,
				781D1A022A7C4873008058C6 /* HistoryCell.swift in Sources */,
				781D1A0E2A7ECB27008058C6 /* ImageLoader.swift in Sources */,
				781D1A4E2A813BC7008058C6 /* PhotoDataManager.swift in Sources */,
				781D19D22A7C41BA008058C6 /* ImagesViewController.swift in Sources */,
				781D1A202A7FB640008058C6 /* Photos.swift in Sources */,
				781D1A062A7CE619008058C6 /* SearchViewController.swift in Sources */,
				781D19FE2A7C42AE008058C6 /* TabbarController.swift in Sources */,
				781D1A2C2A800B40008058C6 /* UIStackView+Extension.swift in Sources */,
				781D1A1D2A7FB60C008058C6 /* SearchResult.swift in Sources */,
				781D19CE2A7C41BA008058C6 /* AppDelegate.swift in Sources */,
				781D1A482A803C14008058C6 /* SearchPresenter.swift in Sources */,
				781D1A3E2A8019E5008058C6 /* Constants.swift in Sources */,
				781D1A222A7FB653008058C6 /* Photo.swift in Sources */,
				781D1A002A7C46BF008058C6 /* HistoryViewController.swift in Sources */,
				781D1A382A801613008058C6 /* UIViewController+Extension.swift in Sources */,
				781D1A102A7ED16A008058C6 /* HistoryPersistenceManager.swift in Sources */,
				781D1A042A7CE16A008058C6 /* ImageCell.swift in Sources */,
				781D19D02A7C41BA008058C6 /* SceneDelegate.swift in Sources */,
				781D1A2A2A800965008058C6 /* SearchTextField.swift in Sources */,
				781D1A3C2A801905008058C6 /* EmptyStateView.swift in Sources */,
				781D1A5E2A8238D2008058C6 /* MockPhotoNetworkService.swift in Sources */,
				781D1A332A801179008058C6 /* UITableView+Extension.swift in Sources */,
				781D1A0C2A7EC5C3008058C6 /* ZoomableImageView.swift in Sources */,
				781D1A352A801267008058C6 /* LayoutHelper.swift in Sources */,
				781D1A2E2A800E55008058C6 /* UIImageView+Extension.swift in Sources */,
				781D1A262A7FCC2F008058C6 /* Date+Extension.swift in Sources */,
				781D1A422A802F0F008058C6 /* HistoryPresenter.swift in Sources */,
				781D1A282A7FCC5C008058C6 /* UIView+Extension.swift in Sources */,
				781D1A462A803BE9008058C6 /* SelectedImagePresenter.swift in Sources */,
				781D1A0A2A7EBD58008058C6 /* SelectedImageViewController.swift in Sources */,
				781D1A402A8024EE008058C6 /* String+Extension.swift in Sources */,
				781D1A442A803752008058C6 /* ImagesPresenter.swift in Sources */,
				781D1A3A2A8017A8008058C6 /* FSError.swift in Sources */,
			);
			runOnlyForDeploymentPostprocessing = 0;
		};
		781D19DC2A7C41BC008058C6 /* Sources */ = {
			isa = PBXSourcesBuildPhase;
			buildActionMask = 2147483647;
			files = (
				782124102A8273FD00A00896 /* HistoryPersistenceManagerTests.swift in Sources */,
				782124052A82430000A00896 /* Photos.swift in Sources */,
				782124112A82747300A00896 /* HistoryPersistenceManager.swift in Sources */,
				781D1A602A8240E7008058C6 /* Photo.swift in Sources */,
				782124032A8242D100A00896 /* String+Extension.swift in Sources */,
				782124082A8244E100A00896 /* DataLayerTests.swift in Sources */,
				782124122A8274B300A00896 /* HistoryEntry.swift in Sources */,
				782124042A8242EB00A00896 /* SearchResult.swift in Sources */,
				7821240B2A8249B000A00896 /* MockJson.swift in Sources */,
				781D1A5D2A82388A008058C6 /* MockPhotoNetworkService.swift in Sources */,
				781D1A5F2A8240BF008058C6 /* NetworkService.swift in Sources */,
				781D1A612A824109008058C6 /* FSError.swift in Sources */,
				782124022A82426B00A00896 /* PhotoDataManager.swift in Sources */,
				781D19E52A7C41BC008058C6 /* PhotoDataManagerTests.swift in Sources */,
				7821240D2A82726F00A00896 /* Constants.swift in Sources */,
			);
			runOnlyForDeploymentPostprocessing = 0;
		};
		781D19E62A7C41BC008058C6 /* Sources */ = {
			isa = PBXSourcesBuildPhase;
			buildActionMask = 2147483647;
			files = (
				781D19EF2A7C41BC008058C6 /* FSearchUITests.swift in Sources */,
				781D19F12A7C41BC008058C6 /* FSearchUITestsLaunchTests.swift in Sources */,
			);
			runOnlyForDeploymentPostprocessing = 0;
		};
/* End PBXSourcesBuildPhase section */

/* Begin PBXTargetDependency section */
		781D19E22A7C41BC008058C6 /* PBXTargetDependency */ = {
			isa = PBXTargetDependency;
			target = 781D19C92A7C41BA008058C6 /* FSearch */;
			targetProxy = 781D19E12A7C41BC008058C6 /* PBXContainerItemProxy */;
		};
		781D19EC2A7C41BC008058C6 /* PBXTargetDependency */ = {
			isa = PBXTargetDependency;
			target = 781D19C92A7C41BA008058C6 /* FSearch */;
			targetProxy = 781D19EB2A7C41BC008058C6 /* PBXContainerItemProxy */;
		};
/* End PBXTargetDependency section */

/* Begin PBXVariantGroup section */
		781D19D82A7C41BC008058C6 /* LaunchScreen.storyboard */ = {
			isa = PBXVariantGroup;
			children = (
				781D19D92A7C41BC008058C6 /* Base */,
			);
			name = LaunchScreen.storyboard;
			sourceTree = "<group>";
		};
/* End PBXVariantGroup section */

/* Begin XCBuildConfiguration section */
		781D19F22A7C41BC008058C6 /* Debug */ = {
			isa = XCBuildConfiguration;
			buildSettings = {
				ALWAYS_SEARCH_USER_PATHS = NO;
				CLANG_ANALYZER_NONNULL = YES;
				CLANG_ANALYZER_NUMBER_OBJECT_CONVERSION = YES_AGGRESSIVE;
				CLANG_CXX_LANGUAGE_STANDARD = "gnu++20";
				CLANG_ENABLE_MODULES = YES;
				CLANG_ENABLE_OBJC_ARC = YES;
				CLANG_ENABLE_OBJC_WEAK = YES;
				CLANG_WARN_BLOCK_CAPTURE_AUTORELEASING = YES;
				CLANG_WARN_BOOL_CONVERSION = YES;
				CLANG_WARN_COMMA = YES;
				CLANG_WARN_CONSTANT_CONVERSION = YES;
				CLANG_WARN_DEPRECATED_OBJC_IMPLEMENTATIONS = YES;
				CLANG_WARN_DIRECT_OBJC_ISA_USAGE = YES_ERROR;
				CLANG_WARN_DOCUMENTATION_COMMENTS = YES;
				CLANG_WARN_EMPTY_BODY = YES;
				CLANG_WARN_ENUM_CONVERSION = YES;
				CLANG_WARN_INFINITE_RECURSION = YES;
				CLANG_WARN_INT_CONVERSION = YES;
				CLANG_WARN_NON_LITERAL_NULL_CONVERSION = YES;
				CLANG_WARN_OBJC_IMPLICIT_RETAIN_SELF = YES;
				CLANG_WARN_OBJC_LITERAL_CONVERSION = YES;
				CLANG_WARN_OBJC_ROOT_CLASS = YES_ERROR;
				CLANG_WARN_QUOTED_INCLUDE_IN_FRAMEWORK_HEADER = YES;
				CLANG_WARN_RANGE_LOOP_ANALYSIS = YES;
				CLANG_WARN_STRICT_PROTOTYPES = YES;
				CLANG_WARN_SUSPICIOUS_MOVE = YES;
				CLANG_WARN_UNGUARDED_AVAILABILITY = YES_AGGRESSIVE;
				CLANG_WARN_UNREACHABLE_CODE = YES;
				CLANG_WARN__DUPLICATE_METHOD_MATCH = YES;
				COPY_PHASE_STRIP = NO;
				DEBUG_INFORMATION_FORMAT = dwarf;
				ENABLE_STRICT_OBJC_MSGSEND = YES;
				ENABLE_TESTABILITY = YES;
				GCC_C_LANGUAGE_STANDARD = gnu11;
				GCC_DYNAMIC_NO_PIC = NO;
				GCC_NO_COMMON_BLOCKS = YES;
				GCC_OPTIMIZATION_LEVEL = 0;
				GCC_PREPROCESSOR_DEFINITIONS = (
					"DEBUG=1",
					"$(inherited)",
				);
				GCC_WARN_64_TO_32_BIT_CONVERSION = YES;
				GCC_WARN_ABOUT_RETURN_TYPE = YES_ERROR;
				GCC_WARN_UNDECLARED_SELECTOR = YES;
				GCC_WARN_UNINITIALIZED_AUTOS = YES_AGGRESSIVE;
				GCC_WARN_UNUSED_FUNCTION = YES;
				GCC_WARN_UNUSED_VARIABLE = YES;
				IPHONEOS_DEPLOYMENT_TARGET = 16.4;
				MTL_ENABLE_DEBUG_INFO = INCLUDE_SOURCE;
				MTL_FAST_MATH = YES;
				ONLY_ACTIVE_ARCH = YES;
				SDKROOT = iphoneos;
				SWIFT_ACTIVE_COMPILATION_CONDITIONS = DEBUG;
				SWIFT_OPTIMIZATION_LEVEL = "-Onone";
			};
			name = Debug;
		};
		781D19F32A7C41BC008058C6 /* Release */ = {
			isa = XCBuildConfiguration;
			buildSettings = {
				ALWAYS_SEARCH_USER_PATHS = NO;
				CLANG_ANALYZER_NONNULL = YES;
				CLANG_ANALYZER_NUMBER_OBJECT_CONVERSION = YES_AGGRESSIVE;
				CLANG_CXX_LANGUAGE_STANDARD = "gnu++20";
				CLANG_ENABLE_MODULES = YES;
				CLANG_ENABLE_OBJC_ARC = YES;
				CLANG_ENABLE_OBJC_WEAK = YES;
				CLANG_WARN_BLOCK_CAPTURE_AUTORELEASING = YES;
				CLANG_WARN_BOOL_CONVERSION = YES;
				CLANG_WARN_COMMA = YES;
				CLANG_WARN_CONSTANT_CONVERSION = YES;
				CLANG_WARN_DEPRECATED_OBJC_IMPLEMENTATIONS = YES;
				CLANG_WARN_DIRECT_OBJC_ISA_USAGE = YES_ERROR;
				CLANG_WARN_DOCUMENTATION_COMMENTS = YES;
				CLANG_WARN_EMPTY_BODY = YES;
				CLANG_WARN_ENUM_CONVERSION = YES;
				CLANG_WARN_INFINITE_RECURSION = YES;
				CLANG_WARN_INT_CONVERSION = YES;
				CLANG_WARN_NON_LITERAL_NULL_CONVERSION = YES;
				CLANG_WARN_OBJC_IMPLICIT_RETAIN_SELF = YES;
				CLANG_WARN_OBJC_LITERAL_CONVERSION = YES;
				CLANG_WARN_OBJC_ROOT_CLASS = YES_ERROR;
				CLANG_WARN_QUOTED_INCLUDE_IN_FRAMEWORK_HEADER = YES;
				CLANG_WARN_RANGE_LOOP_ANALYSIS = YES;
				CLANG_WARN_STRICT_PROTOTYPES = YES;
				CLANG_WARN_SUSPICIOUS_MOVE = YES;
				CLANG_WARN_UNGUARDED_AVAILABILITY = YES_AGGRESSIVE;
				CLANG_WARN_UNREACHABLE_CODE = YES;
				CLANG_WARN__DUPLICATE_METHOD_MATCH = YES;
				COPY_PHASE_STRIP = NO;
				DEBUG_INFORMATION_FORMAT = "dwarf-with-dsym";
				ENABLE_NS_ASSERTIONS = NO;
				ENABLE_STRICT_OBJC_MSGSEND = YES;
				GCC_C_LANGUAGE_STANDARD = gnu11;
				GCC_NO_COMMON_BLOCKS = YES;
				GCC_WARN_64_TO_32_BIT_CONVERSION = YES;
				GCC_WARN_ABOUT_RETURN_TYPE = YES_ERROR;
				GCC_WARN_UNDECLARED_SELECTOR = YES;
				GCC_WARN_UNINITIALIZED_AUTOS = YES_AGGRESSIVE;
				GCC_WARN_UNUSED_FUNCTION = YES;
				GCC_WARN_UNUSED_VARIABLE = YES;
				IPHONEOS_DEPLOYMENT_TARGET = 16.4;
				MTL_ENABLE_DEBUG_INFO = NO;
				MTL_FAST_MATH = YES;
				SDKROOT = iphoneos;
				SWIFT_COMPILATION_MODE = wholemodule;
				SWIFT_OPTIMIZATION_LEVEL = "-O";
				VALIDATE_PRODUCT = YES;
			};
			name = Release;
		};
		781D19F52A7C41BC008058C6 /* Debug */ = {
			isa = XCBuildConfiguration;
			buildSettings = {
				ASSETCATALOG_COMPILER_APPICON_NAME = AppIcon;
				ASSETCATALOG_COMPILER_GLOBAL_ACCENT_COLOR_NAME = AccentColor;
				CODE_SIGN_STYLE = Automatic;
				CURRENT_PROJECT_VERSION = 1;
				DEVELOPMENT_TEAM = 27ZNNP8X2D;
				GENERATE_INFOPLIST_FILE = YES;
				INFOPLIST_FILE = FSearch/Info.plist;
				INFOPLIST_KEY_UIApplicationSupportsIndirectInputEvents = YES;
				INFOPLIST_KEY_UILaunchStoryboardName = LaunchScreen;
				INFOPLIST_KEY_UIMainStoryboardFile = "";
				INFOPLIST_KEY_UISupportedInterfaceOrientations = UIInterfaceOrientationPortrait;
				INFOPLIST_KEY_UISupportedInterfaceOrientations_iPad = "UIInterfaceOrientationLandscapeLeft UIInterfaceOrientationLandscapeRight UIInterfaceOrientationPortrait UIInterfaceOrientationPortraitUpsideDown";
				INFOPLIST_KEY_UIUserInterfaceStyle = Light;
				IPHONEOS_DEPLOYMENT_TARGET = 14.5;
				LD_RUNPATH_SEARCH_PATHS = (
					"$(inherited)",
					"@executable_path/Frameworks",
				);
				MARKETING_VERSION = 1.0;
				PRODUCT_BUNDLE_IDENTIFIER = kru.FSearch;
				PRODUCT_NAME = "$(TARGET_NAME)";
				SUPPORTED_PLATFORMS = "iphoneos iphonesimulator";
				SUPPORTS_MACCATALYST = NO;
				SUPPORTS_MAC_DESIGNED_FOR_IPHONE_IPAD = NO;
				SWIFT_EMIT_LOC_STRINGS = YES;
				SWIFT_VERSION = 5.0;
				TARGETED_DEVICE_FAMILY = 1;
			};
			name = Debug;
		};
		781D19F62A7C41BC008058C6 /* Release */ = {
			isa = XCBuildConfiguration;
			buildSettings = {
				ASSETCATALOG_COMPILER_APPICON_NAME = AppIcon;
				ASSETCATALOG_COMPILER_GLOBAL_ACCENT_COLOR_NAME = AccentColor;
				CODE_SIGN_STYLE = Automatic;
				CURRENT_PROJECT_VERSION = 1;
				DEVELOPMENT_TEAM = 27ZNNP8X2D;
				GENERATE_INFOPLIST_FILE = YES;
				INFOPLIST_FILE = FSearch/Info.plist;
				INFOPLIST_KEY_UIApplicationSupportsIndirectInputEvents = YES;
				INFOPLIST_KEY_UILaunchStoryboardName = LaunchScreen;
				INFOPLIST_KEY_UIMainStoryboardFile = "";
				INFOPLIST_KEY_UISupportedInterfaceOrientations = UIInterfaceOrientationPortrait;
				INFOPLIST_KEY_UISupportedInterfaceOrientations_iPad = "UIInterfaceOrientationLandscapeLeft UIInterfaceOrientationLandscapeRight UIInterfaceOrientationPortrait UIInterfaceOrientationPortraitUpsideDown";
				INFOPLIST_KEY_UIUserInterfaceStyle = Light;
				IPHONEOS_DEPLOYMENT_TARGET = 14.5;
				LD_RUNPATH_SEARCH_PATHS = (
					"$(inherited)",
					"@executable_path/Frameworks",
				);
				MARKETING_VERSION = 1.0;
				PRODUCT_BUNDLE_IDENTIFIER = kru.FSearch;
				PRODUCT_NAME = "$(TARGET_NAME)";
				SUPPORTED_PLATFORMS = "iphoneos iphonesimulator";
				SUPPORTS_MACCATALYST = NO;
				SUPPORTS_MAC_DESIGNED_FOR_IPHONE_IPAD = NO;
				SWIFT_EMIT_LOC_STRINGS = YES;
				SWIFT_VERSION = 5.0;
				TARGETED_DEVICE_FAMILY = 1;
			};
			name = Release;
		};
		781D19F82A7C41BC008058C6 /* Debug */ = {
			isa = XCBuildConfiguration;
			buildSettings = {
				ALWAYS_EMBED_SWIFT_STANDARD_LIBRARIES = YES;
				BUNDLE_LOADER = "$(TEST_HOST)";
				CODE_SIGN_STYLE = Automatic;
				CURRENT_PROJECT_VERSION = 1;
				DEVELOPMENT_TEAM = 27ZNNP8X2D;
				GENERATE_INFOPLIST_FILE = YES;
				IPHONEOS_DEPLOYMENT_TARGET = 16.4;
				MARKETING_VERSION = 1.0;
				PRODUCT_BUNDLE_IDENTIFIER = kru.FSearchTests;
				PRODUCT_NAME = "$(TARGET_NAME)";
				SWIFT_EMIT_LOC_STRINGS = NO;
				SWIFT_VERSION = 5.0;
				TARGETED_DEVICE_FAMILY = "1,2";
				TEST_HOST = "$(BUILT_PRODUCTS_DIR)/FSearch.app/$(BUNDLE_EXECUTABLE_FOLDER_PATH)/FSearch";
			};
			name = Debug;
		};
		781D19F92A7C41BC008058C6 /* Release */ = {
			isa = XCBuildConfiguration;
			buildSettings = {
				ALWAYS_EMBED_SWIFT_STANDARD_LIBRARIES = YES;
				BUNDLE_LOADER = "$(TEST_HOST)";
				CODE_SIGN_STYLE = Automatic;
				CURRENT_PROJECT_VERSION = 1;
				DEVELOPMENT_TEAM = 27ZNNP8X2D;
				GENERATE_INFOPLIST_FILE = YES;
				IPHONEOS_DEPLOYMENT_TARGET = 16.4;
				MARKETING_VERSION = 1.0;
				PRODUCT_BUNDLE_IDENTIFIER = kru.FSearchTests;
				PRODUCT_NAME = "$(TARGET_NAME)";
				SWIFT_EMIT_LOC_STRINGS = NO;
				SWIFT_VERSION = 5.0;
				TARGETED_DEVICE_FAMILY = "1,2";
				TEST_HOST = "$(BUILT_PRODUCTS_DIR)/FSearch.app/$(BUNDLE_EXECUTABLE_FOLDER_PATH)/FSearch";
			};
			name = Release;
		};
		781D19FB2A7C41BC008058C6 /* Debug */ = {
			isa = XCBuildConfiguration;
			buildSettings = {
				ALWAYS_EMBED_SWIFT_STANDARD_LIBRARIES = YES;
				CODE_SIGN_STYLE = Automatic;
				CURRENT_PROJECT_VERSION = 1;
				DEVELOPMENT_TEAM = 27ZNNP8X2D;
				GENERATE_INFOPLIST_FILE = YES;
				MARKETING_VERSION = 1.0;
				PRODUCT_BUNDLE_IDENTIFIER = kru.FSearchUITests;
				PRODUCT_NAME = "$(TARGET_NAME)";
				SWIFT_EMIT_LOC_STRINGS = NO;
				SWIFT_VERSION = 5.0;
				TARGETED_DEVICE_FAMILY = "1,2";
				TEST_TARGET_NAME = FSearch;
			};
			name = Debug;
		};
		781D19FC2A7C41BC008058C6 /* Release */ = {
			isa = XCBuildConfiguration;
			buildSettings = {
				ALWAYS_EMBED_SWIFT_STANDARD_LIBRARIES = YES;
				CODE_SIGN_STYLE = Automatic;
				CURRENT_PROJECT_VERSION = 1;
				DEVELOPMENT_TEAM = 27ZNNP8X2D;
				GENERATE_INFOPLIST_FILE = YES;
				MARKETING_VERSION = 1.0;
				PRODUCT_BUNDLE_IDENTIFIER = kru.FSearchUITests;
				PRODUCT_NAME = "$(TARGET_NAME)";
				SWIFT_EMIT_LOC_STRINGS = NO;
				SWIFT_VERSION = 5.0;
				TARGETED_DEVICE_FAMILY = "1,2";
				TEST_TARGET_NAME = FSearch;
			};
			name = Release;
		};
/* End XCBuildConfiguration section */

/* Begin XCConfigurationList section */
		781D19C52A7C41BA008058C6 /* Build configuration list for PBXProject "FSearch" */ = {
			isa = XCConfigurationList;
			buildConfigurations = (
				781D19F22A7C41BC008058C6 /* Debug */,
				781D19F32A7C41BC008058C6 /* Release */,
			);
			defaultConfigurationIsVisible = 0;
			defaultConfigurationName = Release;
		};
		781D19F42A7C41BC008058C6 /* Build configuration list for PBXNativeTarget "FSearch" */ = {
			isa = XCConfigurationList;
			buildConfigurations = (
				781D19F52A7C41BC008058C6 /* Debug */,
				781D19F62A7C41BC008058C6 /* Release */,
			);
			defaultConfigurationIsVisible = 0;
			defaultConfigurationName = Release;
		};
		781D19F72A7C41BC008058C6 /* Build configuration list for PBXNativeTarget "FSearchTests" */ = {
			isa = XCConfigurationList;
			buildConfigurations = (
				781D19F82A7C41BC008058C6 /* Debug */,
				781D19F92A7C41BC008058C6 /* Release */,
			);
			defaultConfigurationIsVisible = 0;
			defaultConfigurationName = Release;
		};
		781D19FA2A7C41BC008058C6 /* Build configuration list for PBXNativeTarget "FSearchUITests" */ = {
			isa = XCConfigurationList;
			buildConfigurations = (
				781D19FB2A7C41BC008058C6 /* Debug */,
				781D19FC2A7C41BC008058C6 /* Release */,
			);
			defaultConfigurationIsVisible = 0;
			defaultConfigurationName = Release;
		};
/* End XCConfigurationList section */
	};
	rootObject = 781D19C22A7C41BA008058C6 /* Project object */;
}
